
Microsoft Visual Studio Solution File, Format Version 12.00
# Visual Studio 15
VisualStudioVersion = 15.0.28307.1267
MinimumVisualStudioVersion = 10.0.40219.1
Project("{FAE04EC0-301F-11D3-BF4B-00C04F79EFBC}") = "Space_Invaders", "Space_Invaders\Space_Invaders.csproj", "{0B68FEC6-14C3-48A0-9C59-29C44FBBA3D5}"
EndProject
Global
	GlobalSection(SolutionConfigurationPlatforms) = preSolution
		Debug|Any CPU = Debug|Any CPU
		Release|Any CPU = Release|Any CPU
	EndGlobalSection
	GlobalSection(ProjectConfigurationPlatforms) = postSolution
		{0B68FEC6-14C3-48A0-9C59-29C44FBBA3D5}.Debug|Any CPU.ActiveCfg = Debug|Any CPU
		{0B68FEC6-14C3-48A0-9C59-29C44FBBA3D5}.Debug|Any CPU.Build.0 = Debug|Any CPU
		{0B68FEC6-14C3-48A0-9C59-29C44FBBA3D5}.Release|Any CPU.ActiveCfg = Release|Any CPU
		{0B68FEC6-14C3-48A0-9C59-29C44FBBA3D5}.Release|Any CPU.Build.0 = Release|Any CPU
	EndGlobalSection
	GlobalSection(SolutionProperties) = preSolution
		HideSolutionNode = FALSE
	EndGlobalSection
	GlobalSection(ExtensibilityGlobals) = postSolution
		SolutionGuid = {0FD8900D-7637-4154-8656-975D06BF5EDB}
	EndGlobalSection
EndGlobal
